{
  "version": 4,
  "terraform_version": "1.5.7",
  "serial": 19,
  "lineage": "2180f4bf-aa8f-43df-5293-38d244371d72",
  "outputs": {
    "acr_login_server": {
      "value": "researchagentacrdev.azurecr.io",
      "type": "string"
    },
    "aks_name": {
      "value": "aks-research-agent-dev",
      "type": "string"
    },
    "aks_namespace": {
      "value": "research-agent-dev",
      "type": "string"
    },
    "github_actions_role_assignment_enabled": {
      "value": true,
      "type": "bool"
    },
    "key_vault_name": {
      "value": "kv-research-agent-dev007",
      "type": "string"
    },
    "resource_group_name": {
      "value": "rg-research-agent-dev",
      "type": "string"
    }
  },
  "resources": [
    {
      "mode": "data",
      "type": "azuread_service_principal",
      "name": "github_actions",
      "provider": "provider[\"registry.terraform.io/hashicorp/azuread\"]",
      "instances": [
        {
          "index_key": 0,
          "schema_version": 0,
          "attributes": {
            "account_enabled": true,
            "alternative_names": [],
            "app_role_assignment_required": false,
            "app_role_ids": {
              "Apps": "8a8eb273-c8d5-4840-addd-830e2315d809",
              "Users": "d57141fe-8c1b-4574-9501-a47cf48b2efd"
            },
            "app_roles": [
              {
                "allowed_member_types": [
                  "Application"
                ],
                "description": "Apps",
                "display_name": "Apps",
                "enabled": true,
                "id": "8a8eb273-c8d5-4840-addd-830e2315d809",
                "value": "Apps"
              },
              {
                "allowed_member_types": [
                  "User"
                ],
                "description": "Users",
                "display_name": "Users",
                "enabled": true,
                "id": "d57141fe-8c1b-4574-9501-a47cf48b2efd",
                "value": "Users"
              }
            ],
            "application_tenant_id": "2c206d8b-26d4-40af-ad87-4498355a7b51",
            "client_id": "c63e2e49-74ba-419b-a601-c6e4113ed604",
            "description": "",
            "display_name": "bhargavi-playbook-app",
            "feature_tags": [
              {
                "custom_single_sign_on": false,
                "enterprise": true,
                "gallery": false,
                "hide": true
              }
            ],
            "features": [
              {
                "custom_single_sign_on_app": false,
                "enterprise_application": true,
                "gallery_application": false,
                "visible_to_users": false
              }
            ],
            "homepage_url": "",
            "id": "/servicePrincipals/c21ab0e2-092c-4da1-8a71-f41825f73774",
            "login_url": "",
            "logout_url": "",
            "notes": "",
            "notification_email_addresses": [],
            "oauth2_permission_scope_ids": {},
            "oauth2_permission_scopes": [],
            "object_id": "c21ab0e2-092c-4da1-8a71-f41825f73774",
            "preferred_single_sign_on_mode": "",
            "redirect_uris": [],
            "saml_metadata_url": "",
            "saml_single_sign_on": [],
            "service_principal_names": [],
            "sign_in_audience": "AzureADMyOrg",
            "tags": [
              "HideApp",
              "WindowsAzureActiveDirectoryIntegratedApp"
            ],
            "timeouts": null,
            "type": "Application"
          },
          "sensitive_attributes": []
        }
      ]
    },
    {
      "mode": "data",
      "type": "azurerm_client_config",
      "name": "current",
      "provider": "provider[\"registry.terraform.io/hashicorp/azurerm\"]",
      "instances": [
        {
          "schema_version": 0,
          "attributes": {
            "client_id": "04b07795-8ddb-461a-bbee-02f9e1bf7b46",
            "id": "Y2xpZW50Q29uZmlncy9jbGllbnRJZD0wNGIwNzc5NS04ZGRiLTQ2MWEtYmJlZS0wMmY5ZTFiZjdiNDY7b2JqZWN0SWQ9Njg2OTM1ZjUtZWRkNi00NGZhLWJlNmItMTBhNTBkMGM5YjAyO3N1YnNjcmlwdGlvbklkPWRiOTA5Zjk0LWY1OWUtNGNhNC1hY2FkLWUyODM5ZTdhZjVmNDt0ZW5hbnRJZD0yYzIwNmQ4Yi0yNmQ0LTQwYWYtYWQ4Ny00NDk4MzU1YTdiNTE=",
            "object_id": "686935f5-edd6-44fa-be6b-10a50d0c9b02",
            "subscription_id": "db909f94-f59e-4ca4-acad-e2839e7af5f4",
            "tenant_id": "2c206d8b-26d4-40af-ad87-4498355a7b51",
            "timeouts": null
          },
          "sensitive_attributes": []
        }
      ]
    },
    {
      "mode": "managed",
      "type": "azurerm_container_registry",
      "name": "this",
      "provider": "provider[\"registry.terraform.io/hashicorp/azurerm\"]",
      "instances": [
        {
          "schema_version": 2,
          "attributes": {
            "admin_enabled": false,
            "admin_password": "",
            "admin_username": "",
            "anonymous_pull_enabled": false,
            "data_endpoint_enabled": false,
            "data_endpoint_host_names": [],
            "encryption": [],
            "export_policy_enabled": true,
            "georeplications": [],
            "id": "/subscriptions/db909f94-f59e-4ca4-acad-e2839e7af5f4/resourceGroups/rg-research-agent-dev/providers/Microsoft.ContainerRegistry/registries/researchagentacrdev",
            "identity": [],
            "location": "eastus",
            "login_server": "researchagentacrdev.azurecr.io",
            "name": "researchagentacrdev",
            "network_rule_bypass_option": "AzureServices",
            "network_rule_set": [],
            "public_network_access_enabled": true,
            "quarantine_policy_enabled": false,
            "resource_group_name": "rg-research-agent-dev",
            "retention_policy_in_days": 0,
            "sku": "Basic",
            "tags": {
              "Scope": "Beta"
            },
            "timeouts": null,
            "trust_policy_enabled": false,
            "zone_redundancy_enabled": false
          },
          "sensitive_attributes": [],
          "private": "eyJlMmJmYjczMC1lY2FhLTExZTYtOGY4OC0zNDM2M2JjN2M0YzAiOnsiY3JlYXRlIjoxODAwMDAwMDAwMDAwLCJkZWxldGUiOjE4MDAwMDAwMDAwMDAsInJlYWQiOjMwMDAwMDAwMDAwMCwidXBkYXRlIjoxODAwMDAwMDAwMDAwfSwic2NoZW1hX3ZlcnNpb24iOiIyIn0=",
          "dependencies": [
            "azurerm_resource_group.this"
          ]
        }
      ]
    },
    {
      "mode": "managed",
      "type": "azurerm_key_vault",
      "name": "this",
      "provider": "provider[\"registry.terraform.io/hashicorp/azurerm\"]",
      "instances": [
        {
          "schema_version": 2,
          "attributes": {
            "access_policy": [],
            "contact": [],
            "enable_rbac_authorization": true,
            "enabled_for_deployment": false,
            "enabled_for_disk_encryption": false,
            "enabled_for_template_deployment": false,
            "id": "/subscriptions/db909f94-f59e-4ca4-acad-e2839e7af5f4/resourceGroups/rg-research-agent-dev/providers/Microsoft.KeyVault/vaults/kv-research-agent-dev007",
            "location": "eastus",
            "name": "kv-research-agent-dev007",
            "network_acls": [
              {
                "bypass": "AzureServices",
                "default_action": "Allow",
                "ip_rules": [],
                "virtual_network_subnet_ids": []
              }
            ],
            "public_network_access_enabled": true,
            "purge_protection_enabled": false,
            "rbac_authorization_enabled": true,
            "resource_group_name": "rg-research-agent-dev",
            "sku_name": "standard",
            "soft_delete_retention_days": 7,
            "tags": {
              "Scope": "Beta"
            },
            "tenant_id": "2c206d8b-26d4-40af-ad87-4498355a7b51",
            "timeouts": null,
            "vault_uri": "https://kv-research-agent-dev007.vault.azure.net/"
          },
          "sensitive_attributes": [],
          "private": "eyJlMmJmYjczMC1lY2FhLTExZTYtOGY4OC0zNDM2M2JjN2M0YzAiOnsiY3JlYXRlIjoxODAwMDAwMDAwMDAwLCJkZWxldGUiOjE4MDAwMDAwMDAwMDAsInJlYWQiOjMwMDAwMDAwMDAwMCwidXBkYXRlIjoxODAwMDAwMDAwMDAwfSwic2NoZW1hX3ZlcnNpb24iOiIyIn0=",
          "dependencies": [
            "azurerm_resource_group.this",
            "data.azurerm_client_config.current"
          ]
        }
      ]
    },
    {
      "mode": "managed",
      "type": "azurerm_kubernetes_cluster",
      "name": "this",
      "provider": "provider[\"registry.terraform.io/hashicorp/azurerm\"]",
      "instances": [
        {
          "schema_version": 2,
          "attributes": {
            "aci_connector_linux": [],
            "ai_toolchain_operator_enabled": false,
            "api_server_access_profile": [],
            "auto_scaler_profile": [],
            "automatic_upgrade_channel": "",
            "azure_active_directory_role_based_access_control": [],
            "azure_policy_enabled": false,
            "bootstrap_profile": [
              {
                "artifact_source": "Direct",
                "container_registry_id": ""
              }
            ],
            "confidential_computing": [],
            "cost_analysis_enabled": false,
            "current_kubernetes_version": "1.33.7",
            "custom_ca_trust_certificates_base64": [],
            "default_node_pool": [
              {
                "auto_scaling_enabled": false,
                "capacity_reservation_group_id": "",
                "fips_enabled": false,
                "gpu_driver": "",
                "gpu_instance": "",
                "host_encryption_enabled": false,
                "host_group_id": "",
                "kubelet_config": [],
                "kubelet_disk_type": "OS",
                "linux_os_config": [],
                "max_count": 0,
                "max_pods": 250,
                "min_count": 0,
                "name": "system",
                "node_count": 1,
                "node_labels": {},
                "node_network_profile": [],
                "node_public_ip_enabled": false,
                "node_public_ip_prefix_id": "",
                "only_critical_addons_enabled": false,
                "orchestrator_version": "1.33",
                "os_disk_size_gb": 128,
                "os_disk_type": "Managed",
                "os_sku": "Ubuntu",
                "pod_subnet_id": "",
                "proximity_placement_group_id": "",
                "scale_down_mode": "Delete",
                "snapshot_id": "",
                "tags": {},
                "temporary_name_for_rotation": "",
                "type": "VirtualMachineScaleSets",
                "ultra_ssd_enabled": false,
                "upgrade_settings": [
                  {
                    "drain_timeout_in_minutes": 0,
                    "max_surge": "10%",
                    "node_soak_duration_in_minutes": 0,
                    "undrainable_node_behavior": ""
                  }
                ],
                "vm_size": "standard_dc2as_v5",
                "vnet_subnet_id": "",
                "workload_runtime": "",
                "zones": []
              }
            ],
            "disk_encryption_set_id": "",
            "dns_prefix": "aks-research-agent-dev-dns",
            "dns_prefix_private_cluster": "",
            "edge_zone": "",
            "fqdn": "aks-research-agent-dev-dns-705uedhv.hcp.eastus.azmk8s.io",
            "http_application_routing_enabled": false,
            "http_application_routing_zone_name": "",
            "http_proxy_config": [],
            "id": "/subscriptions/db909f94-f59e-4ca4-acad-e2839e7af5f4/resourceGroups/rg-research-agent-dev/providers/Microsoft.ContainerService/managedClusters/aks-research-agent-dev",
            "identity": [
              {
                "identity_ids": [],
                "principal_id": "f02c430f-f07f-4515-9fa0-827eb6899b86",
                "tenant_id": "2c206d8b-26d4-40af-ad87-4498355a7b51",
                "type": "SystemAssigned"
              }
            ],
            "image_cleaner_enabled": null,
            "image_cleaner_interval_hours": null,
            "ingress_application_gateway": [],
            "key_management_service": [],
            "key_vault_secrets_provider": [
              {
                "secret_identity": [
                  {
                    "client_id": "6169709e-1cce-461d-b558-9e1dce8a4c73",
                    "object_id": "ba5fc397-14c6-4166-92ba-980670acb16f",
                    "user_assigned_identity_id": "/subscriptions/db909f94-f59e-4ca4-acad-e2839e7af5f4/resourcegroups/MC_rg-research-agent-dev_aks-research-agent-dev_eastus/providers/Microsoft.ManagedIdentity/userAssignedIdentities/azurekeyvaultsecretsprovider-aks-research-agent-dev"
                  }
                ],
                "secret_rotation_enabled": true,
                "secret_rotation_interval": "2m"
              }
            ],
            "kube_admin_config": [],
            "kube_admin_config_raw": "",
            "kube_config": [
              {
                "client_certificate": "LS0tLS1CRUdJTiBDRVJUSUZJQ0FURS0tLS0tCk1JSUZIakNDQXdhZ0F3SUJBZ0lSQVBhZ0dXUkRESEJMWUlNcjgwbjM4ZHN3RFFZSktvWklodmNOQVFFTEJRQXcKRFRFTE1Ba0dBMVVFQXhNQ1kyRXdIaGNOTWpZd016STBNVFV3T1RRd1doY05Namd3TXpJME1UVXhPVFF3V2pBdwpNUmN3RlFZRFZRUUtFdzV6ZVhOMFpXMDZiV0Z6ZEdWeWN6RVZNQk1HQTFVRUF4TU1iV0Z6ZEdWeVkyeHBaVzUwCk1JSUNJakFOQmdrcWhraUc5dzBCQVFFRkFBT0NBZzhBTUlJQ0NnS0NBZ0VBMkZZVUxKeUVpRGJZT01xUnJmVTEKWlNSR0ZCVVpid0VqMDQrZHhSdjZjeklpc0JIeEVxam1wUFZTNUpJdEE2R1o4RnArN3BFaVVlbDMzM3dwODMrRgp2ZG5LaEkyaVgzNmxGSE5ZKzRXRzFkdFZmay9USkdxYjdja1VxMVFjWXNWZ1NFR0xDZzJhbUN0QUdiS0Jxd1lVCko2dmpsQXpnVmsvRlNGVmJ5RnU5c1U5aW9xK282dkZmTnlPWDIwZjFSbENQQndMc0JRdWM3VEh0MllYcCtMYS8KaUJMOUZEYWxlQ3FSNjFoZGVQUkgrWVNNRlNLd2ZOME5heG1WVHVQNy9jRVc0VytFd2x0K1NNNGc4ZllZa3hyNwpTVjdDV1dmMGJqRSt1ZERKaDQ2N2xSVmZJYjk5MW9XWVhEaVE3UGlaYWFiZjVGVlRIRlV5MTZhMCs4UGFSTG5qCkFRM3RraEkxSEFGb3QrcUkxbnJPZ1l5b1NNaFZSemcrT1hmRzNIaTJtTGxWTkpERzFtR1dpb1FpN3FZU2lGbU4KL0JKSGxlWElGb3c2T3FGNGNTdzBpVDZqYmNFaUtWcmY2SEZHSmNSUmpnc2o2R09PbnZDUmN6dWV0MU1YejdDSgpRRU9wMDU4aWdhSm5TUjBvNUVhZGsyMzRPcjhuOU5DWXRFQ0lYa3ZHRDlHdzdLMWRsVXVZdmxLS0NhcTFkT2hGClplU2RzelZHTks2SzFObHErVXFTdEdqTHlZR1pEa3pxdHhrOWVhUXJnTWc2RDlTUmN2Q1pZdkx6YzYvd0ozd3MKOW9WRHI0dEFpaEc2WGppSjN6SVhnT2xGSVQvZ2xPa0F3WVBXeXFJUUR0ZnhNSWZGb1hac3RlNXlqZFZrbWgzSwpxZ0tuaDU4L0VMaHNLbkFBaFpRT2R1MENBd0VBQWFOV01GUXdEZ1lEVlIwUEFRSC9CQVFEQWdXZ01CTUdBMVVkCkpRUU1NQW9HQ0NzR0FRVUZCd01DTUF3R0ExVWRFd0VCL3dRQ01BQXdId1lEVlIwakJCZ3dGb0FVdHA1QWdWK1UKNHJLbThGdnlDcWRENERIc1J4Z3dEUVlKS29aSWh2Y05BUUVMQlFBRGdnSUJBTE1zTm5RS3U5QXllR0dNWW9pRAptYjBqdFJuTDV5NVU4LzhPN0ZQYU96UlVrQzRYejJQV3hBcDFDTXc5M0ZmZTY2dmhBVkdkYU55YmhkeU9DTVpXCmxKRzFGR01pMzQ4QUNGRS9LaHUweThQbnFJZXN2OFlaUWVFOVNDSTY4SWlWMVo4WG42UGJWWUlETHBranN1aUoKNm1ZVHNDblFSMEVSc2pvOVFCVXBhcXBncUQrUkI4aFQ2VVlXcUVEY2FlMXN4eVZaRVJWeHpkSXJONHFrd1RFcgpXbml5V1dwanlCYTFMZ3BsK0dCT1ViVGh2TnRmU05sNGc2M05zd0tuU045Q3VwdDU0SW9DTXAvTys4dzB5NjBHCncxaTY3V2ZlUDY5dk5lQ01heEhuaThmUjF0d1hTL3c5WHZTZC81UnArKzlQQW00dlhhR3NGV0o5Z0h0MXlld3IKdzA2Q1ppbm1teE9TRjYzQW9zQWRXT0lpdHdJRlJkYng4ZmNtSkQ2U1MwM3poVndmMHl0VHU5bWJtME9jUEhqZQozeU1BR2FtYU1adWJKSXpOSXpweDAvV2dsejBBL1BuOW1TSXdGYURjMms5dS8xUWJtSi8vUlhDaUFSdENiT2toCjBOYVdsRkM5aG4yMW9sTnJkRzFMNGdhYk1zT1hYUVJzWXpjcHVFejFpblJBVXRyUlpWdzZvQVpwdWNabW9WckIKSFcvbkRoRC9XNmxvcWNaeDQydGQwaDV6akpyZXZ4TmxVQ2dsWU9obG9sY0JrRG9uN0dyVWdPMGxWT3lzeElYZgpScVVhNkpNV2I5RG9rdURMeis4R3BSL2dZSlllSDNERTd5UkVrMDB2QW5GTVk4UWx1YWNBdGRxM25CVTJqT3VwClJWVTdGYVVMTGJWVTBlekpqRDdXMmFxaAotLS0tLUVORCBDRVJUSUZJQ0FURS0tLS0tCg==",
                "client_key": "LS0tLS1CRUdJTiBSU0EgUFJJVkFURSBLRVktLS0tLQpNSUlKSndJQkFBS0NBZ0VBMkZZVUxKeUVpRGJZT01xUnJmVTFaU1JHRkJVWmJ3RWowNCtkeFJ2NmN6SWlzQkh4CkVxam1wUFZTNUpJdEE2R1o4RnArN3BFaVVlbDMzM3dwODMrRnZkbktoSTJpWDM2bEZITlkrNFdHMWR0VmZrL1QKSkdxYjdja1VxMVFjWXNWZ1NFR0xDZzJhbUN0QUdiS0Jxd1lVSjZ2amxBemdWay9GU0ZWYnlGdTlzVTlpb3Erbwo2dkZmTnlPWDIwZjFSbENQQndMc0JRdWM3VEh0MllYcCtMYS9pQkw5RkRhbGVDcVI2MWhkZVBSSCtZU01GU0t3CmZOME5heG1WVHVQNy9jRVc0VytFd2x0K1NNNGc4ZllZa3hyN1NWN0NXV2YwYmpFK3VkREpoNDY3bFJWZkliOTkKMW9XWVhEaVE3UGlaYWFiZjVGVlRIRlV5MTZhMCs4UGFSTG5qQVEzdGtoSTFIQUZvdCtxSTFuck9nWXlvU01oVgpSemcrT1hmRzNIaTJtTGxWTkpERzFtR1dpb1FpN3FZU2lGbU4vQkpIbGVYSUZvdzZPcUY0Y1N3MGlUNmpiY0VpCktWcmY2SEZHSmNSUmpnc2o2R09PbnZDUmN6dWV0MU1YejdDSlFFT3AwNThpZ2FKblNSMG81RWFkazIzNE9yOG4KOU5DWXRFQ0lYa3ZHRDlHdzdLMWRsVXVZdmxLS0NhcTFkT2hGWmVTZHN6VkdOSzZLMU5scStVcVN0R2pMeVlHWgpEa3pxdHhrOWVhUXJnTWc2RDlTUmN2Q1pZdkx6YzYvd0ozd3M5b1ZEcjR0QWloRzZYamlKM3pJWGdPbEZJVC9nCmxPa0F3WVBXeXFJUUR0ZnhNSWZGb1hac3RlNXlqZFZrbWgzS3FnS25oNTgvRUxoc0tuQUFoWlFPZHUwQ0F3RUEKQVFLQ0FnQTJCaGozb3daOXRhUjlXaWpURmo4RlNPK3ZLQzIzeU1NWG0rKzhQMlpseWdsYmlyOTI5M0xSa3VubQpacEtUSzVIenNjV3M4ZFZ1T3kxU1JBRjk2MFNNeW95R1daQkk1S2w0MSsxS3NtZWZsQ3hmWkxQSGprL3VLNTdiCndoOXNrdm1lVWEvVkROeWtUM2lzY2lWcmZoTWViUkJoOG0wN1lLUlZrZXRmdDNsQmhCK1BuT3BEOFk3amlDSHUKQXFRL3NQSm12OVlNMUgrVnhEZ3ZiLytqdW85Ti9kL3hZa3drSEExZ2hpcWhmKzlSWWtaUktONkY3L1hmM3YybwpPOHE3N2JJM0RkQkxjT215YUxkVmRTMWgzd1VOcDNwRk5XNlc3ZmxLRWRlaDRJVDdqK0MzM3NnZ0FEQ3lKdllhCkYyTElQWUgvMVVieDlsekIrY0dNZGJaV0gwMk9pazFtZ3g1cXZKR1AxN1l1dXVRdVhMMkJSTzJwRmFETTR0dWUKNUg4NWRpektFU0NnSWNtMkpWeVZaV25md0pCWEl5WStobHdxaUZMY1p3aEs0dlhIaWZoVFFhY1pPYUdoTVZ4cwpBbVJMem1DTzl5QzQraE5YTGRNazFPWXlKQkZ3alFnQ2UyK016M3A1QWtlTEJiWkZtREkxQlNUT2dESitzeml6ClFHamxuYTZtcnZiUWMrbUlVa1BoSFNyK2NZZXVCTjVDczV5bWpDTUd4RnlUbnBhU2hqNGt2cS9iTVBLWE5haUUKeTc1UnZuOHk2QWVuM25uUFR4dmI1cDZOZGdOSmZpL0poc1d2bVdLQS9FQVpuVEV6OXZtTGpENldFd0Vsb0l6Twp6S1psczIzb1RpR0doYUViRThUS2hRQXJhb2pMT3IwQTlZeGhVa2R6Y293K3BFb1BnUUtDQVFFQTdwT3NWaUh6CnpCVWhrSG5iUFNCWDN3NytsaFJvdVduWXk3eTgwWThLTnl4WXM0OXJ1VEZqMUd3WmsrVHgvdGJacmVuZVV1aWoKRU54bmxndFpaQndtcllWek01VFdXbndiK3NpbHA3ZFF6c3ZXWEx3RW9EbGtkejRwSUNiMGYrdUVJZXJhUXFIVgpIOVlydFBjRzR3TXNtY0lRWjE1VzNVaGtYQmV2MEpZK0ZibGl1b3hiT05EZGhnZFRRekc5ZWhkY1lkcXpDTEx6Ckg0Z05nSUN3OWhtWUtZamFQM1BGSGVoUHBTTWJKYnN2ZjNYajBSTHoxdjFaTHkyYTZtTkZES21GL2tmMy82a08KV1hXM0IyVDZXakVqWFNjYmJOTmhsOHlGRWxycmFWNWUraHdKVzd1MEh1WEV6MHRKcFdubXBBdFN4WXFtV2JIVgo0VG41YVhnM3ZMNkpjUUtDQVFFQTZDS2E3UFV3VzYwdDU1YXZwQjlVZmZScnlmZlI1aUhrYW5XbTVMaG5hWkR3CkswS1l3N1YxaVpreHRENFdWUFVsQnlYNU11bXl5emExSTNFUk9UMkxCWDlCQVhTQWdrVG9lbWdrbjUzZGRyY0gKWFJRY1ViY3NnQlFPRHJxUHdsaG1KNjVtcFhVUVFvSDNNbkNKenhOenBmSHlTcDZiUm91OUJFUUlCKzdQV1BxaApXdkNGTlFHUUZwN0F4ajN0VzBBNGJjUDZLMldFRHBCYmpRdVJ4SGZYY0tZbk5vK2ZsQmUwME4yTGtoRmdvZEZ5CklrenBqd1pZaGovZkRXZEhpYS9PKzZkbyswSUtOQThPb3ppaThESHVMQlQ1TUZibXhWQUJ1aTZVRmJzUkdkK2IKTElLOHRUckk0RllnTnJIVlVITGlyalBBNmo0eElkUVhwMmJIcDIrblBRS0NBUUJsbVNPcDVubVJMbXFGd1M3NQpILzNyc3RIK0RhRHZYTUVET2xQYWxpU09qR2NWeUh6aWQ4TUFvaXhlVEFBMk96Nm1EbE1zVVgrbjNZU0xaRGZrCkp3emRsbGdSM2s5T1owM3ZCV1Z1UCtXOHV4ZUZsRmdQOTREdU90MStvTGc4aFlwV2UxSUpVQ3VYakRnK3IzZ1MKVXJhNm4rY21iZ2xsNEw5RWJKM2xvU1c5VUo1WHZRL1g2VEo5TWo5bC9SZW9sNnd5eTlTMFhxaWtnK2JrRTJuSQowK3Qxdko3Y3FLdUg2ZmVJNXFOWDlSZnNHc015dFBSOFdKV1RQc09iRHoxSGdDWGN2TDlDODdaMXFHaVNVSkZBCnVXNUs3QzJFc1p2ODdnNjVXMWluSFpZcXdxZkZsZkRGdTZtTmNZMWlVTy8wYWhJTXA5ZmhtSmJ4ZkNQWG8yZHgKREY4eEFvSUJBRWRoSExKd1VvWmVJaGRzUm1YNUhFbit0b1pNSmNiVjlSNm5Qc0psMGFhc1lxMXF0UDY0OVlOeQpEODZVcU5sRzZEUGlnVlllZGxQMlpveVhYK3h4K0NXZ2s2U1c1azBvVXpRUWdmSnk0SDU0bVZNTnRBZU1nNnArCmdEUVhPYzFRMFZpeVQrM2dxVGRLTDNEYkdnVUt2aXp3ME1nUkxUM3NDaHNkc0RxQVBGSG4vMld2UDhha3pHR28KUHk2MkxCNDdDUjczZkIyTUFhZFl6RTM2bU1BSStiNHgyU3oxek9RRXhoelRndTlQV0o5cGYrYjhMM1ZEUmtWQgpycHk0ZlU3aE9JdzVWaGFzbithU0dyWWwzRFJ2cGdUNERnZkhNUDdMTXp6RXhkUkl5V0ZqV0p1L043ZWljOUpICnFYQW9EcWZHSzkzVkhDVHJLc0IwTHpIU2NPSVRleUVDZ2dFQWRneTgrVTNKdk9DcXhRTUhNcTdMZCs3dEtKaFUKUEZscHpBbTlzWHFHbnJ1b3BIdGhpZ2pkRjBlbTZVQjhBN21RUXhROHZmNzI4Z2dJNlNKZHNOOGVrejc0SnV3YQorbkxnTlNNOEM0MjNLOGF4QUNUVDdyN3lENHcwSWtEdDdPbTJmTjZKRm5RQi8zWkVjUDk4TE9GSmhDa1U4SG94CmRpQmNzZkdBdHgycGc1UXk3RGtKbTVNVHlNWE1QNHFjLzVsWStRaERWWHF1SmJYTUdacE5SUmF3Q0JWWVgzMXMKTVF6UVFWQVVCTEQvQnllajNweXNVd292ZmpXV0lJOVIrWDFHcWNORmhGaXJVNmZycXNjcG13K292b0dwa3NxdApDaHNONjJRK1J6YWpKSHlWL0thdll4TGtkSjJMS2h2RmprUVk1OXpQWjBKSlRFQnErU05KRk9tWjZnPT0KLS0tLS1FTkQgUlNBIFBSSVZBVEUgS0VZLS0tLS0K",
                "cluster_ca_certificate": "LS0tLS1CRUdJTiBDRVJUSUZJQ0FURS0tLS0tCk1JSUU2VENDQXRHZ0F3SUJBZ0lSQUl4Yk9ObWQwVFFpcmN4bFo1QWhkTm93RFFZSktvWklodmNOQVFFTEJRQXcKRFRFTE1Ba0dBMVVFQXhNQ1kyRXdJQmNOTWpZd016STBNVFV3T1RRd1doZ1BNakExTmpBek1qUXhOVEU1TkRCYQpNQTB4Q3pBSkJnTlZCQU1UQW1OaE1JSUNJakFOQmdrcWhraUc5dzBCQVFFRkFBT0NBZzhBTUlJQ0NnS0NBZ0VBCnd2UWNzQzhLYzJVS0llN3U0VU90T2xveHc1TEs4aUlSQzR6c3d0cVEyZ0JkQlI4MG4zWldXbjJGeFVPVzJZU2kKSVhmajMySS9YVlVVTVI4MHFTNmQwT1plSDl1b0J2Z1NRTFlMNVZzQnBpTGhIc1dyNnV0ei9weDhjN0RhRnQyUwp1R0Rtd015NWQ4VmZBTGtTMmFmMDJESlBBNXZmUTdza3AvQis4bDhNejlUZG1MV2VQemFLMDVoS3pGREN0d2NiCmlzZVJQTDNkcWc5Yi8za3lCM3A0bEFSMkQxQjhQUXpyNG05N0s5K0V4Z05EbUFpbFZJWVRaNEVxWENibmdHSHQKM05Lakk5T1I1K1I0WnI1K1FYdVpOeUNXTnp4bW5nQkZSWDV4OWZqK24vci9OK05nRmNWbUZSODN2Tlg0RDZ5UApGVkUvSGdFSHkwbncrUG5QNEo4MStYOVhIV2NnQWJDTURPK2RWUmNPaU1Sa2tmMGhkQWJKdzFWZzJWenFqRUMvCk42NUU5UGVReTZnWVh1amY1dU9NYWVVVzRTWWN6SDZ6amJLbzI1eEVJTk1Cd3VxYUp5L2k0UGJUc0Zua25hNlgKb2k4Mm9CSkluT2ZWZndOUytpazd2MlJDTC9EQWNncGE1Z1lYWkhlc1YwTE5oSi9NTFhJekJWc1BTNXNqS2RFWQova0tXUDZKVnB3aEtGUnNoSW9vRUNIdU93Z0ZGQnppWGcwanRHVVgxbEVaQkJ1VUFTeUozM3RVYVVacGdMcDEwCnZhYTM0V1Nla0JZYkVWQnBVVllNSFAzMmVhSFZGczJZVGwxb0VWR2pSOVFtdTJIQ1BYMmlsMmtiUC9wMGZ3QVoKbEdFa21OblR1NUozYXNPSUxUMStMYXZ4OWtkQTYrOWF1YjZJSjdMVXlyOENBd0VBQWFOQ01FQXdEZ1lEVlIwUApBUUgvQkFRREFnS2tNQThHQTFVZEV3RUIvd1FGTUFNQkFmOHdIUVlEVlIwT0JCWUVGTGFlUUlGZmxPS3lwdkJiCjhncW5RK0F4N0VjWU1BMEdDU3FHU0liM0RRRUJDd1VBQTRJQ0FRQUFMSEc5ZHdlald3dldHWHUzUXd5Y1VBZGkKQXJsTE1BNmc2WmphWjRSbkRrMEpmMzRtc29ORTArMEQ5OGxiZlVyV01MSlN1VSs2YS90eUxTZFNzazFKYzd5dgo3dEREZXFjazNzSUx2aVhxMzd5S0xaQ3VHU2JtR1laemhiUmRLMUpmVWpDT3RWekNpZGpreWx4ckUybExMUEowCjM5bm5xbFVPb1ZzNXRRZXFLN3J3RHdteFU3VEFwSDNGOURpVUdXdHBPMGd6S3BUbWcyQU9JVzEwVGd1L2w1NEUKVjFSTytRbTlXTjgrSkcxVTJ0cWNEa3hCZFlVeXZ3a2g2QnRpMHo1bUVodHpQOEVvUkFMUEM2RWxsd2IwaFM5ZwozSFgyYnlKSER0WFdzZDFkTHBJYkxyQkxsUXNyZEZIcUlVbnFJbE1peUlHVFcydE9BSVpQMUhQTkhNRzJNYUlpCmRPdmozRGRZYi8yajBBZGpJMENuQ2RWVk1DRzlhVFVkSTY4cGhvRk5taHVsMDZtOHAvRVJDdTNLeUJTVXFZUmMKRzkwRkVTanFSR09FRC9MSGZBekNMY0h5TnpnckJyazhiWU9iY0NyTVUzalVJZUxqZE8yaktiek9MVXZZeU5jUQp5RDRTUzJGeXlRbzNwaGdLd3htMVBSVGhpNlZ0b3JaakRMZUkvYmJncEpsblVlV3dQbTQ1OUlSeGNrWTY3a1NZCkxaRThIYlpqTHI2MDhCSkF0a2xSVVkxRVZUNGNFL1JKcXhZODlJWlBqWjRjZ0Nxdk1oUnMwbUFkWlRiSmQvNTkKYjlsNXk5UzM1OUJoYnlrTENYa3JvakZ3dktOL1NES01PdnJJWG5kdlNWQTNhTk1OcEdFTWQya3NhYWNXM1BKdAorOXJMaEdoTnpXazNJeFhpTFE9PQotLS0tLUVORCBDRVJUSUZJQ0FURS0tLS0tCg==",
                "host": "https://aks-research-agent-dev-dns-705uedhv.hcp.eastus.azmk8s.io:443",
                "password": "umuhoebgbj5j12icdzt5y3n27u6adk5e0lse07pbhgzye3ktc4b4kr2ljw6oyl6wqhnbcod69yzi3yo4yntjrm7d6i6j3hxj01k8xo09ytuclxrgv6sizkdv9pylq2m4",
                "username": "clusterUser_rg-research-agent-dev_aks-research-agent-dev"
              }
            ],
            "kube_config_raw": "apiVersion: v1\nclusters:\n- cluster:\n    certificate-authority-data: LS0tLS1CRUdJTiBDRVJUSUZJQ0FURS0tLS0tCk1JSUU2VENDQXRHZ0F3SUJBZ0lSQUl4Yk9ObWQwVFFpcmN4bFo1QWhkTm93RFFZSktvWklodmNOQVFFTEJRQXcKRFRFTE1Ba0dBMVVFQXhNQ1kyRXdJQmNOTWpZd016STBNVFV3T1RRd1doZ1BNakExTmpBek1qUXhOVEU1TkRCYQpNQTB4Q3pBSkJnTlZCQU1UQW1OaE1JSUNJakFOQmdrcWhraUc5dzBCQVFFRkFBT0NBZzhBTUlJQ0NnS0NBZ0VBCnd2UWNzQzhLYzJVS0llN3U0VU90T2xveHc1TEs4aUlSQzR6c3d0cVEyZ0JkQlI4MG4zWldXbjJGeFVPVzJZU2kKSVhmajMySS9YVlVVTVI4MHFTNmQwT1plSDl1b0J2Z1NRTFlMNVZzQnBpTGhIc1dyNnV0ei9weDhjN0RhRnQyUwp1R0Rtd015NWQ4VmZBTGtTMmFmMDJESlBBNXZmUTdza3AvQis4bDhNejlUZG1MV2VQemFLMDVoS3pGREN0d2NiCmlzZVJQTDNkcWc5Yi8za3lCM3A0bEFSMkQxQjhQUXpyNG05N0s5K0V4Z05EbUFpbFZJWVRaNEVxWENibmdHSHQKM05Lakk5T1I1K1I0WnI1K1FYdVpOeUNXTnp4bW5nQkZSWDV4OWZqK24vci9OK05nRmNWbUZSODN2Tlg0RDZ5UApGVkUvSGdFSHkwbncrUG5QNEo4MStYOVhIV2NnQWJDTURPK2RWUmNPaU1Sa2tmMGhkQWJKdzFWZzJWenFqRUMvCk42NUU5UGVReTZnWVh1amY1dU9NYWVVVzRTWWN6SDZ6amJLbzI1eEVJTk1Cd3VxYUp5L2k0UGJUc0Zua25hNlgKb2k4Mm9CSkluT2ZWZndOUytpazd2MlJDTC9EQWNncGE1Z1lYWkhlc1YwTE5oSi9NTFhJekJWc1BTNXNqS2RFWQova0tXUDZKVnB3aEtGUnNoSW9vRUNIdU93Z0ZGQnppWGcwanRHVVgxbEVaQkJ1VUFTeUozM3RVYVVacGdMcDEwCnZhYTM0V1Nla0JZYkVWQnBVVllNSFAzMmVhSFZGczJZVGwxb0VWR2pSOVFtdTJIQ1BYMmlsMmtiUC9wMGZ3QVoKbEdFa21OblR1NUozYXNPSUxUMStMYXZ4OWtkQTYrOWF1YjZJSjdMVXlyOENBd0VBQWFOQ01FQXdEZ1lEVlIwUApBUUgvQkFRREFnS2tNQThHQTFVZEV3RUIvd1FGTUFNQkFmOHdIUVlEVlIwT0JCWUVGTGFlUUlGZmxPS3lwdkJiCjhncW5RK0F4N0VjWU1BMEdDU3FHU0liM0RRRUJDd1VBQTRJQ0FRQUFMSEc5ZHdlald3dldHWHUzUXd5Y1VBZGkKQXJsTE1BNmc2WmphWjRSbkRrMEpmMzRtc29ORTArMEQ5OGxiZlVyV01MSlN1VSs2YS90eUxTZFNzazFKYzd5dgo3dEREZXFjazNzSUx2aVhxMzd5S0xaQ3VHU2JtR1laemhiUmRLMUpmVWpDT3RWekNpZGpreWx4ckUybExMUEowCjM5bm5xbFVPb1ZzNXRRZXFLN3J3RHdteFU3VEFwSDNGOURpVUdXdHBPMGd6S3BUbWcyQU9JVzEwVGd1L2w1NEUKVjFSTytRbTlXTjgrSkcxVTJ0cWNEa3hCZFlVeXZ3a2g2QnRpMHo1bUVodHpQOEVvUkFMUEM2RWxsd2IwaFM5ZwozSFgyYnlKSER0WFdzZDFkTHBJYkxyQkxsUXNyZEZIcUlVbnFJbE1peUlHVFcydE9BSVpQMUhQTkhNRzJNYUlpCmRPdmozRGRZYi8yajBBZGpJMENuQ2RWVk1DRzlhVFVkSTY4cGhvRk5taHVsMDZtOHAvRVJDdTNLeUJTVXFZUmMKRzkwRkVTanFSR09FRC9MSGZBekNMY0h5TnpnckJyazhiWU9iY0NyTVUzalVJZUxqZE8yaktiek9MVXZZeU5jUQp5RDRTUzJGeXlRbzNwaGdLd3htMVBSVGhpNlZ0b3JaakRMZUkvYmJncEpsblVlV3dQbTQ1OUlSeGNrWTY3a1NZCkxaRThIYlpqTHI2MDhCSkF0a2xSVVkxRVZUNGNFL1JKcXhZODlJWlBqWjRjZ0Nxdk1oUnMwbUFkWlRiSmQvNTkKYjlsNXk5UzM1OUJoYnlrTENYa3JvakZ3dktOL1NES01PdnJJWG5kdlNWQTNhTk1OcEdFTWQya3NhYWNXM1BKdAorOXJMaEdoTnpXazNJeFhpTFE9PQotLS0tLUVORCBDRVJUSUZJQ0FURS0tLS0tCg==\n    server: https://aks-research-agent-dev-dns-705uedhv.hcp.eastus.azmk8s.io:443\n  name: aks-research-agent-dev\ncontexts:\n- context:\n    cluster: aks-research-agent-dev\n    user: clusterUser_rg-research-agent-dev_aks-research-agent-dev\n  name: aks-research-agent-dev\ncurrent-context: aks-research-agent-dev\nkind: Config\nusers:\n- name: clusterUser_rg-research-agent-dev_aks-research-agent-dev\n  user:\n    client-certificate-data: LS0tLS1CRUdJTiBDRVJUSUZJQ0FURS0tLS0tCk1JSUZIakNDQXdhZ0F3SUJBZ0lSQVBhZ0dXUkRESEJMWUlNcjgwbjM4ZHN3RFFZSktvWklodmNOQVFFTEJRQXcKRFRFTE1Ba0dBMVVFQXhNQ1kyRXdIaGNOTWpZd016STBNVFV3T1RRd1doY05Namd3TXpJME1UVXhPVFF3V2pBdwpNUmN3RlFZRFZRUUtFdzV6ZVhOMFpXMDZiV0Z6ZEdWeWN6RVZNQk1HQTFVRUF4TU1iV0Z6ZEdWeVkyeHBaVzUwCk1JSUNJakFOQmdrcWhraUc5dzBCQVFFRkFBT0NBZzhBTUlJQ0NnS0NBZ0VBMkZZVUxKeUVpRGJZT01xUnJmVTEKWlNSR0ZCVVpid0VqMDQrZHhSdjZjeklpc0JIeEVxam1wUFZTNUpJdEE2R1o4RnArN3BFaVVlbDMzM3dwODMrRgp2ZG5LaEkyaVgzNmxGSE5ZKzRXRzFkdFZmay9USkdxYjdja1VxMVFjWXNWZ1NFR0xDZzJhbUN0QUdiS0Jxd1lVCko2dmpsQXpnVmsvRlNGVmJ5RnU5c1U5aW9xK282dkZmTnlPWDIwZjFSbENQQndMc0JRdWM3VEh0MllYcCtMYS8KaUJMOUZEYWxlQ3FSNjFoZGVQUkgrWVNNRlNLd2ZOME5heG1WVHVQNy9jRVc0VytFd2x0K1NNNGc4ZllZa3hyNwpTVjdDV1dmMGJqRSt1ZERKaDQ2N2xSVmZJYjk5MW9XWVhEaVE3UGlaYWFiZjVGVlRIRlV5MTZhMCs4UGFSTG5qCkFRM3RraEkxSEFGb3QrcUkxbnJPZ1l5b1NNaFZSemcrT1hmRzNIaTJtTGxWTkpERzFtR1dpb1FpN3FZU2lGbU4KL0JKSGxlWElGb3c2T3FGNGNTdzBpVDZqYmNFaUtWcmY2SEZHSmNSUmpnc2o2R09PbnZDUmN6dWV0MU1YejdDSgpRRU9wMDU4aWdhSm5TUjBvNUVhZGsyMzRPcjhuOU5DWXRFQ0lYa3ZHRDlHdzdLMWRsVXVZdmxLS0NhcTFkT2hGClplU2RzelZHTks2SzFObHErVXFTdEdqTHlZR1pEa3pxdHhrOWVhUXJnTWc2RDlTUmN2Q1pZdkx6YzYvd0ozd3MKOW9WRHI0dEFpaEc2WGppSjN6SVhnT2xGSVQvZ2xPa0F3WVBXeXFJUUR0ZnhNSWZGb1hac3RlNXlqZFZrbWgzSwpxZ0tuaDU4L0VMaHNLbkFBaFpRT2R1MENBd0VBQWFOV01GUXdEZ1lEVlIwUEFRSC9CQVFEQWdXZ01CTUdBMVVkCkpRUU1NQW9HQ0NzR0FRVUZCd01DTUF3R0ExVWRFd0VCL3dRQ01BQXdId1lEVlIwakJCZ3dGb0FVdHA1QWdWK1UKNHJLbThGdnlDcWRENERIc1J4Z3dEUVlKS29aSWh2Y05BUUVMQlFBRGdnSUJBTE1zTm5RS3U5QXllR0dNWW9pRAptYjBqdFJuTDV5NVU4LzhPN0ZQYU96UlVrQzRYejJQV3hBcDFDTXc5M0ZmZTY2dmhBVkdkYU55YmhkeU9DTVpXCmxKRzFGR01pMzQ4QUNGRS9LaHUweThQbnFJZXN2OFlaUWVFOVNDSTY4SWlWMVo4WG42UGJWWUlETHBranN1aUoKNm1ZVHNDblFSMEVSc2pvOVFCVXBhcXBncUQrUkI4aFQ2VVlXcUVEY2FlMXN4eVZaRVJWeHpkSXJONHFrd1RFcgpXbml5V1dwanlCYTFMZ3BsK0dCT1ViVGh2TnRmU05sNGc2M05zd0tuU045Q3VwdDU0SW9DTXAvTys4dzB5NjBHCncxaTY3V2ZlUDY5dk5lQ01heEhuaThmUjF0d1hTL3c5WHZTZC81UnArKzlQQW00dlhhR3NGV0o5Z0h0MXlld3IKdzA2Q1ppbm1teE9TRjYzQW9zQWRXT0lpdHdJRlJkYng4ZmNtSkQ2U1MwM3poVndmMHl0VHU5bWJtME9jUEhqZQozeU1BR2FtYU1adWJKSXpOSXpweDAvV2dsejBBL1BuOW1TSXdGYURjMms5dS8xUWJtSi8vUlhDaUFSdENiT2toCjBOYVdsRkM5aG4yMW9sTnJkRzFMNGdhYk1zT1hYUVJzWXpjcHVFejFpblJBVXRyUlpWdzZvQVpwdWNabW9WckIKSFcvbkRoRC9XNmxvcWNaeDQydGQwaDV6akpyZXZ4TmxVQ2dsWU9obG9sY0JrRG9uN0dyVWdPMGxWT3lzeElYZgpScVVhNkpNV2I5RG9rdURMeis4R3BSL2dZSlllSDNERTd5UkVrMDB2QW5GTVk4UWx1YWNBdGRxM25CVTJqT3VwClJWVTdGYVVMTGJWVTBlekpqRDdXMmFxaAotLS0tLUVORCBDRVJUSUZJQ0FURS0tLS0tCg==\n    client-key-data: LS0tLS1CRUdJTiBSU0EgUFJJVkFURSBLRVktLS0tLQpNSUlKSndJQkFBS0NBZ0VBMkZZVUxKeUVpRGJZT01xUnJmVTFaU1JHRkJVWmJ3RWowNCtkeFJ2NmN6SWlzQkh4CkVxam1wUFZTNUpJdEE2R1o4RnArN3BFaVVlbDMzM3dwODMrRnZkbktoSTJpWDM2bEZITlkrNFdHMWR0VmZrL1QKSkdxYjdja1VxMVFjWXNWZ1NFR0xDZzJhbUN0QUdiS0Jxd1lVSjZ2amxBemdWay9GU0ZWYnlGdTlzVTlpb3Erbwo2dkZmTnlPWDIwZjFSbENQQndMc0JRdWM3VEh0MllYcCtMYS9pQkw5RkRhbGVDcVI2MWhkZVBSSCtZU01GU0t3CmZOME5heG1WVHVQNy9jRVc0VytFd2x0K1NNNGc4ZllZa3hyN1NWN0NXV2YwYmpFK3VkREpoNDY3bFJWZkliOTkKMW9XWVhEaVE3UGlaYWFiZjVGVlRIRlV5MTZhMCs4UGFSTG5qQVEzdGtoSTFIQUZvdCtxSTFuck9nWXlvU01oVgpSemcrT1hmRzNIaTJtTGxWTkpERzFtR1dpb1FpN3FZU2lGbU4vQkpIbGVYSUZvdzZPcUY0Y1N3MGlUNmpiY0VpCktWcmY2SEZHSmNSUmpnc2o2R09PbnZDUmN6dWV0MU1YejdDSlFFT3AwNThpZ2FKblNSMG81RWFkazIzNE9yOG4KOU5DWXRFQ0lYa3ZHRDlHdzdLMWRsVXVZdmxLS0NhcTFkT2hGWmVTZHN6VkdOSzZLMU5scStVcVN0R2pMeVlHWgpEa3pxdHhrOWVhUXJnTWc2RDlTUmN2Q1pZdkx6YzYvd0ozd3M5b1ZEcjR0QWloRzZYamlKM3pJWGdPbEZJVC9nCmxPa0F3WVBXeXFJUUR0ZnhNSWZGb1hac3RlNXlqZFZrbWgzS3FnS25oNTgvRUxoc0tuQUFoWlFPZHUwQ0F3RUEKQVFLQ0FnQTJCaGozb3daOXRhUjlXaWpURmo4RlNPK3ZLQzIzeU1NWG0rKzhQMlpseWdsYmlyOTI5M0xSa3VubQpacEtUSzVIenNjV3M4ZFZ1T3kxU1JBRjk2MFNNeW95R1daQkk1S2w0MSsxS3NtZWZsQ3hmWkxQSGprL3VLNTdiCndoOXNrdm1lVWEvVkROeWtUM2lzY2lWcmZoTWViUkJoOG0wN1lLUlZrZXRmdDNsQmhCK1BuT3BEOFk3amlDSHUKQXFRL3NQSm12OVlNMUgrVnhEZ3ZiLytqdW85Ti9kL3hZa3drSEExZ2hpcWhmKzlSWWtaUktONkY3L1hmM3YybwpPOHE3N2JJM0RkQkxjT215YUxkVmRTMWgzd1VOcDNwRk5XNlc3ZmxLRWRlaDRJVDdqK0MzM3NnZ0FEQ3lKdllhCkYyTElQWUgvMVVieDlsekIrY0dNZGJaV0gwMk9pazFtZ3g1cXZKR1AxN1l1dXVRdVhMMkJSTzJwRmFETTR0dWUKNUg4NWRpektFU0NnSWNtMkpWeVZaV25md0pCWEl5WStobHdxaUZMY1p3aEs0dlhIaWZoVFFhY1pPYUdoTVZ4cwpBbVJMem1DTzl5QzQraE5YTGRNazFPWXlKQkZ3alFnQ2UyK016M3A1QWtlTEJiWkZtREkxQlNUT2dESitzeml6ClFHamxuYTZtcnZiUWMrbUlVa1BoSFNyK2NZZXVCTjVDczV5bWpDTUd4RnlUbnBhU2hqNGt2cS9iTVBLWE5haUUKeTc1UnZuOHk2QWVuM25uUFR4dmI1cDZOZGdOSmZpL0poc1d2bVdLQS9FQVpuVEV6OXZtTGpENldFd0Vsb0l6Twp6S1psczIzb1RpR0doYUViRThUS2hRQXJhb2pMT3IwQTlZeGhVa2R6Y293K3BFb1BnUUtDQVFFQTdwT3NWaUh6CnpCVWhrSG5iUFNCWDN3NytsaFJvdVduWXk3eTgwWThLTnl4WXM0OXJ1VEZqMUd3WmsrVHgvdGJacmVuZVV1aWoKRU54bmxndFpaQndtcllWek01VFdXbndiK3NpbHA3ZFF6c3ZXWEx3RW9EbGtkejRwSUNiMGYrdUVJZXJhUXFIVgpIOVlydFBjRzR3TXNtY0lRWjE1VzNVaGtYQmV2MEpZK0ZibGl1b3hiT05EZGhnZFRRekc5ZWhkY1lkcXpDTEx6Ckg0Z05nSUN3OWhtWUtZamFQM1BGSGVoUHBTTWJKYnN2ZjNYajBSTHoxdjFaTHkyYTZtTkZES21GL2tmMy82a08KV1hXM0IyVDZXakVqWFNjYmJOTmhsOHlGRWxycmFWNWUraHdKVzd1MEh1WEV6MHRKcFdubXBBdFN4WXFtV2JIVgo0VG41YVhnM3ZMNkpjUUtDQVFFQTZDS2E3UFV3VzYwdDU1YXZwQjlVZmZScnlmZlI1aUhrYW5XbTVMaG5hWkR3CkswS1l3N1YxaVpreHRENFdWUFVsQnlYNU11bXl5emExSTNFUk9UMkxCWDlCQVhTQWdrVG9lbWdrbjUzZGRyY0gKWFJRY1ViY3NnQlFPRHJxUHdsaG1KNjVtcFhVUVFvSDNNbkNKenhOenBmSHlTcDZiUm91OUJFUUlCKzdQV1BxaApXdkNGTlFHUUZwN0F4ajN0VzBBNGJjUDZLMldFRHBCYmpRdVJ4SGZYY0tZbk5vK2ZsQmUwME4yTGtoRmdvZEZ5CklrenBqd1pZaGovZkRXZEhpYS9PKzZkbyswSUtOQThPb3ppaThESHVMQlQ1TUZibXhWQUJ1aTZVRmJzUkdkK2IKTElLOHRUckk0RllnTnJIVlVITGlyalBBNmo0eElkUVhwMmJIcDIrblBRS0NBUUJsbVNPcDVubVJMbXFGd1M3NQpILzNyc3RIK0RhRHZYTUVET2xQYWxpU09qR2NWeUh6aWQ4TUFvaXhlVEFBMk96Nm1EbE1zVVgrbjNZU0xaRGZrCkp3emRsbGdSM2s5T1owM3ZCV1Z1UCtXOHV4ZUZsRmdQOTREdU90MStvTGc4aFlwV2UxSUpVQ3VYakRnK3IzZ1MKVXJhNm4rY21iZ2xsNEw5RWJKM2xvU1c5VUo1WHZRL1g2VEo5TWo5bC9SZW9sNnd5eTlTMFhxaWtnK2JrRTJuSQowK3Qxdko3Y3FLdUg2ZmVJNXFOWDlSZnNHc015dFBSOFdKV1RQc09iRHoxSGdDWGN2TDlDODdaMXFHaVNVSkZBCnVXNUs3QzJFc1p2ODdnNjVXMWluSFpZcXdxZkZsZkRGdTZtTmNZMWlVTy8wYWhJTXA5ZmhtSmJ4ZkNQWG8yZHgKREY4eEFvSUJBRWRoSExKd1VvWmVJaGRzUm1YNUhFbit0b1pNSmNiVjlSNm5Qc0psMGFhc1lxMXF0UDY0OVlOeQpEODZVcU5sRzZEUGlnVlllZGxQMlpveVhYK3h4K0NXZ2s2U1c1azBvVXpRUWdmSnk0SDU0bVZNTnRBZU1nNnArCmdEUVhPYzFRMFZpeVQrM2dxVGRLTDNEYkdnVUt2aXp3ME1nUkxUM3NDaHNkc0RxQVBGSG4vMld2UDhha3pHR28KUHk2MkxCNDdDUjczZkIyTUFhZFl6RTM2bU1BSStiNHgyU3oxek9RRXhoelRndTlQV0o5cGYrYjhMM1ZEUmtWQgpycHk0ZlU3aE9JdzVWaGFzbithU0dyWWwzRFJ2cGdUNERnZkhNUDdMTXp6RXhkUkl5V0ZqV0p1L043ZWljOUpICnFYQW9EcWZHSzkzVkhDVHJLc0IwTHpIU2NPSVRleUVDZ2dFQWRneTgrVTNKdk9DcXhRTUhNcTdMZCs3dEtKaFUKUEZscHpBbTlzWHFHbnJ1b3BIdGhpZ2pkRjBlbTZVQjhBN21RUXhROHZmNzI4Z2dJNlNKZHNOOGVrejc0SnV3YQorbkxnTlNNOEM0MjNLOGF4QUNUVDdyN3lENHcwSWtEdDdPbTJmTjZKRm5RQi8zWkVjUDk4TE9GSmhDa1U4SG94CmRpQmNzZkdBdHgycGc1UXk3RGtKbTVNVHlNWE1QNHFjLzVsWStRaERWWHF1SmJYTUdacE5SUmF3Q0JWWVgzMXMKTVF6UVFWQVVCTEQvQnllajNweXNVd292ZmpXV0lJOVIrWDFHcWNORmhGaXJVNmZycXNjcG13K292b0dwa3NxdApDaHNONjJRK1J6YWpKSHlWL0thdll4TGtkSjJMS2h2RmprUVk1OXpQWjBKSlRFQnErU05KRk9tWjZnPT0KLS0tLS1FTkQgUlNBIFBSSVZBVEUgS0VZLS0tLS0K\n    token: umuhoebgbj5j12icdzt5y3n27u6adk5e0lse07pbhgzye3ktc4b4kr2ljw6oyl6wqhnbcod69yzi3yo4yntjrm7d6i6j3hxj01k8xo09ytuclxrgv6sizkdv9pylq2m4\n",
            "kubelet_identity": [
              {
                "client_id": "24c00ff2-86df-4c6a-93ea-85bc34d132a8",
                "object_id": "86449487-5e81-4dc8-b8d0-ef90b9526d99",
                "user_assigned_identity_id": "/subscriptions/db909f94-f59e-4ca4-acad-e2839e7af5f4/resourceGroups/MC_rg-research-agent-dev_aks-research-agent-dev_eastus/providers/Microsoft.ManagedIdentity/userAssignedIdentities/aks-research-agent-dev-agentpool"
              }
            ],
            "kubernetes_version": "1.33",
            "linux_profile": [],
            "local_account_disabled": false,
            "location": "eastus",
            "maintenance_window": [],
            "maintenance_window_auto_upgrade": [],
            "maintenance_window_node_os": [],
            "microsoft_defender": [],
            "monitor_metrics": [],
            "name": "aks-research-agent-dev",
            "network_profile": [
              {
                "advanced_networking": [],
                "dns_service_ip": "10.0.0.10",
                "ip_versions": [
                  "IPv4"
                ],
                "load_balancer_profile": [
                  {
                    "backend_pool_type": "NodeIPConfiguration",
                    "effective_outbound_ips": [
                      "/subscriptions/db909f94-f59e-4ca4-acad-e2839e7af5f4/resourceGroups/MC_rg-research-agent-dev_aks-research-agent-dev_eastus/providers/Microsoft.Network/publicIPAddresses/d5e33496-3cf1-4488-8f51-d2fc8a3c01fa"
                    ],
                    "idle_timeout_in_minutes": 0,
                    "managed_outbound_ip_count": 1,
                    "managed_outbound_ipv6_count": 0,
                    "outbound_ip_address_ids": [],
                    "outbound_ip_prefix_ids": [],
                    "outbound_ports_allocated": 0
                  }
                ],
                "load_balancer_sku": "standard",
                "nat_gateway_profile": [],
                "network_data_plane": "azure",
                "network_mode": "",
                "network_plugin": "azure",
                "network_plugin_mode": "overlay",
                "network_policy": "",
                "outbound_type": "loadBalancer",
                "pod_cidr": "10.244.0.0/16",
                "pod_cidrs": [
                  "10.244.0.0/16"
                ],
                "service_cidr": "10.0.0.0/16",
                "service_cidrs": [
                  "10.0.0.0/16"
                ]
              }
            ],
            "node_os_upgrade_channel": "NodeImage",
            "node_provisioning_profile": [
              {
                "default_node_pools": "Auto",
                "mode": "Manual"
              }
            ],
            "node_resource_group": "MC_rg-research-agent-dev_aks-research-agent-dev_eastus",
            "node_resource_group_id": "/subscriptions/db909f94-f59e-4ca4-acad-e2839e7af5f4/resourceGroups/MC_rg-research-agent-dev_aks-research-agent-dev_eastus",
            "oidc_issuer_enabled": false,
            "oidc_issuer_url": "",
            "oms_agent": [],
            "open_service_mesh_enabled": false,
            "portal_fqdn": "aks-research-agent-dev-dns-705uedhv.portal.hcp.eastus.azmk8s.io",
            "private_cluster_enabled": false,
            "private_cluster_public_fqdn_enabled": false,
            "private_dns_zone_id": "",
            "private_fqdn": "",
            "resource_group_name": "rg-research-agent-dev",
            "role_based_access_control_enabled": true,
            "run_command_enabled": true,
            "service_mesh_profile": [],
            "service_principal": [],
            "sku_tier": "Free",
            "storage_profile": [],
            "support_plan": "KubernetesOfficial",
            "tags": {
              "Scope": "Beta"
            },
            "timeouts": null,
            "upgrade_override": [],
            "web_app_routing": [
              {
                "default_nginx_controller": "AnnotationControlled",
                "dns_zone_ids": [],
                "web_app_routing_identity": [
                  {
                    "client_id": "cc9b08e0-2569-49d0-bd91-a269be4cbd06",
                    "object_id": "4dc05d05-32eb-4011-8f7c-c8b8310c30ed",
                    "user_assigned_identity_id": "/subscriptions/db909f94-f59e-4ca4-acad-e2839e7af5f4/resourcegroups/MC_rg-research-agent-dev_aks-research-agent-dev_eastus/providers/Microsoft.ManagedIdentity/userAssignedIdentities/webapprouting-aks-research-agent-dev"
                  }
                ]
              }
            ],
            "windows_profile": [],
            "workload_autoscaler_profile": [],
            "workload_identity_enabled": false
          },
          "sensitive_attributes": [],
          "private": "eyJlMmJmYjczMC1lY2FhLTExZTYtOGY4OC0zNDM2M2JjN2M0YzAiOnsiY3JlYXRlIjo1NDAwMDAwMDAwMDAwLCJkZWxldGUiOjU0MDAwMDAwMDAwMDAsInJlYWQiOjMwMDAwMDAwMDAwMCwidXBkYXRlIjo1NDAwMDAwMDAwMDAwfSwic2NoZW1hX3ZlcnNpb24iOiIyIn0=",
          "dependencies": [
            "azurerm_resource_group.this"
          ]
        }
      ]
    },
    {
      "mode": "managed",
      "type": "azurerm_resource_group",
      "name": "this",
      "provider": "provider[\"registry.terraform.io/hashicorp/azurerm\"]",
      "instances": [
        {
          "schema_version": 0,
          "attributes": {
            "id": "/subscriptions/db909f94-f59e-4ca4-acad-e2839e7af5f4/resourceGroups/rg-research-agent-dev",
            "location": "eastus",
            "managed_by": "",
            "name": "rg-research-agent-dev",
            "tags": {
              "Scope": "Beta"
            },
            "timeouts": null
          },
          "sensitive_attributes": [],
          "private": "eyJlMmJmYjczMC1lY2FhLTExZTYtOGY4OC0zNDM2M2JjN2M0YzAiOnsiY3JlYXRlIjo1NDAwMDAwMDAwMDAwLCJkZWxldGUiOjU0MDAwMDAwMDAwMDAsInJlYWQiOjMwMDAwMDAwMDAwMCwidXBkYXRlIjo1NDAwMDAwMDAwMDAwfX0="
        }
      ]
    },
    {
      "mode": "managed",
      "type": "azurerm_role_assignment",
      "name": "aks_acr_pull",
      "provider": "provider[\"registry.terraform.io/hashicorp/azurerm\"]",
      "instances": [
        {
          "schema_version": 0,
          "attributes": {
            "condition": "",
            "condition_version": "",
            "delegated_managed_identity_resource_id": "",
            "description": "",
            "id": "/subscriptions/db909f94-f59e-4ca4-acad-e2839e7af5f4/resourceGroups/rg-research-agent-dev/providers/Microsoft.ContainerRegistry/registries/researchagentacrdev/providers/Microsoft.Authorization/roleAssignments/d61c3179-214e-49cb-8b11-a9153b99acf4",
            "name": "d61c3179-214e-49cb-8b11-a9153b99acf4",
            "principal_id": "86449487-5e81-4dc8-b8d0-ef90b9526d99",
            "principal_type": "ServicePrincipal",
            "role_definition_id": "/subscriptions/db909f94-f59e-4ca4-acad-e2839e7af5f4/providers/Microsoft.Authorization/roleDefinitions/7f951dda-4ed3-4680-a7ca-43fe172d538d",
            "role_definition_name": "AcrPull",
            "scope": "/subscriptions/db909f94-f59e-4ca4-acad-e2839e7af5f4/resourceGroups/rg-research-agent-dev/providers/Microsoft.ContainerRegistry/registries/researchagentacrdev",
            "skip_service_principal_aad_check": true,
            "timeouts": null
          },
          "sensitive_attributes": [],
          "private": "eyJlMmJmYjczMC1lY2FhLTExZTYtOGY4OC0zNDM2M2JjN2M0YzAiOnsiY3JlYXRlIjoxODAwMDAwMDAwMDAwLCJkZWxldGUiOjE4MDAwMDAwMDAwMDAsInJlYWQiOjMwMDAwMDAwMDAwMH19",
          "dependencies": [
            "azurerm_container_registry.this",
            "azurerm_kubernetes_cluster.this",
            "azurerm_resource_group.this"
          ]
        }
      ]
    },
    {
      "mode": "managed",
      "type": "azurerm_role_assignment",
      "name": "aks_keyvault_certificate_user",
      "provider": "provider[\"registry.terraform.io/hashicorp/azurerm\"]",
      "instances": [
        {
          "index_key": 0,
          "schema_version": 0,
          "attributes": {
            "condition": "",
            "condition_version": "",
            "delegated_managed_identity_resource_id": "",
            "description": "",
            "id": "/subscriptions/db909f94-f59e-4ca4-acad-e2839e7af5f4/resourceGroups/rg-research-agent-dev/providers/Microsoft.KeyVault/vaults/kv-research-agent-dev007/providers/Microsoft.Authorization/roleAssignments/05335c52-d09d-368d-5cc1-c1399d876fb5",
            "name": "05335c52-d09d-368d-5cc1-c1399d876fb5",
            "principal_id": "ba5fc397-14c6-4166-92ba-980670acb16f",
            "principal_type": "ServicePrincipal",
            "role_definition_id": "/subscriptions/db909f94-f59e-4ca4-acad-e2839e7af5f4/providers/Microsoft.Authorization/roleDefinitions/db79e9a7-68ee-4b58-9aeb-b90e7c24fcba",
            "role_definition_name": "Key Vault Certificate User",
            "scope": "/subscriptions/db909f94-f59e-4ca4-acad-e2839e7af5f4/resourceGroups/rg-research-agent-dev/providers/Microsoft.KeyVault/vaults/kv-research-agent-dev007",
            "skip_service_principal_aad_check": null,
            "timeouts": null
          },
          "sensitive_attributes": [],
          "private": "eyJlMmJmYjczMC1lY2FhLTExZTYtOGY4OC0zNDM2M2JjN2M0YzAiOnsiY3JlYXRlIjoxODAwMDAwMDAwMDAwLCJkZWxldGUiOjE4MDAwMDAwMDAwMDAsInJlYWQiOjMwMDAwMDAwMDAwMH19",
          "dependencies": [
            "azurerm_key_vault.this",
            "azurerm_kubernetes_cluster.this",
            "azurerm_resource_group.this",
            "data.azurerm_client_config.current"
          ]
        }
      ]
    },
    {
      "mode": "managed",
      "type": "azurerm_role_assignment",
      "name": "aks_keyvault_secrets_user",
      "provider": "provider[\"registry.terraform.io/hashicorp/azurerm\"]",
      "instances": [
        {
          "index_key": 0,
          "schema_version": 0,
          "attributes": {
            "condition": "",
            "condition_version": "",
            "delegated_managed_identity_resource_id": "",
            "description": "",
            "id": "/subscriptions/db909f94-f59e-4ca4-acad-e2839e7af5f4/resourceGroups/rg-research-agent-dev/providers/Microsoft.KeyVault/vaults/kv-research-agent-dev007/providers/Microsoft.Authorization/roleAssignments/a6b7b398-c6b4-bb11-5cc4-06f75ae4da2f",
            "name": "a6b7b398-c6b4-bb11-5cc4-06f75ae4da2f",
            "principal_id": "ba5fc397-14c6-4166-92ba-980670acb16f",
            "principal_type": "ServicePrincipal",
            "role_definition_id": "/subscriptions/db909f94-f59e-4ca4-acad-e2839e7af5f4/providers/Microsoft.Authorization/roleDefinitions/4633458b-17de-408a-b874-0445c86b69e6",
            "role_definition_name": "Key Vault Secrets User",
            "scope": "/subscriptions/db909f94-f59e-4ca4-acad-e2839e7af5f4/resourceGroups/rg-research-agent-dev/providers/Microsoft.KeyVault/vaults/kv-research-agent-dev007",
            "skip_service_principal_aad_check": null,
            "timeouts": null
          },
          "sensitive_attributes": [],
          "private": "eyJlMmJmYjczMC1lY2FhLTExZTYtOGY4OC0zNDM2M2JjN2M0YzAiOnsiY3JlYXRlIjoxODAwMDAwMDAwMDAwLCJkZWxldGUiOjE4MDAwMDAwMDAwMDAsInJlYWQiOjMwMDAwMDAwMDAwMH19",
          "dependencies": [
            "azurerm_key_vault.this",
            "azurerm_kubernetes_cluster.this",
            "azurerm_resource_group.this",
            "data.azurerm_client_config.current"
          ]
        }
      ]
    },
    {
      "mode": "managed",
      "type": "azurerm_role_assignment",
      "name": "github_actions_acr_pull",
      "provider": "provider[\"registry.terraform.io/hashicorp/azurerm\"]",
      "instances": [
        {
          "index_key": 0,
          "schema_version": 0,
          "attributes": {
            "condition": "",
            "condition_version": "",
            "delegated_managed_identity_resource_id": "",
            "description": "",
            "id": "/subscriptions/db909f94-f59e-4ca4-acad-e2839e7af5f4/resourceGroups/rg-research-agent-dev/providers/Microsoft.ContainerRegistry/registries/researchagentacrdev/providers/Microsoft.Authorization/roleAssignments/a1709257-d262-bffe-dc6f-19344f285a48",
            "name": "a1709257-d262-bffe-dc6f-19344f285a48",
            "principal_id": "c21ab0e2-092c-4da1-8a71-f41825f73774",
            "principal_type": "ServicePrincipal",
            "role_definition_id": "/subscriptions/db909f94-f59e-4ca4-acad-e2839e7af5f4/providers/Microsoft.Authorization/roleDefinitions/7f951dda-4ed3-4680-a7ca-43fe172d538d",
            "role_definition_name": "AcrPull",
            "scope": "/subscriptions/db909f94-f59e-4ca4-acad-e2839e7af5f4/resourceGroups/rg-research-agent-dev/providers/Microsoft.ContainerRegistry/registries/researchagentacrdev",
            "skip_service_principal_aad_check": null,
            "timeouts": null
          },
          "sensitive_attributes": [],
          "private": "eyJlMmJmYjczMC1lY2FhLTExZTYtOGY4OC0zNDM2M2JjN2M0YzAiOnsiY3JlYXRlIjoxODAwMDAwMDAwMDAwLCJkZWxldGUiOjE4MDAwMDAwMDAwMDAsInJlYWQiOjMwMDAwMDAwMDAwMH19",
          "dependencies": [
            "azurerm_container_registry.this",
            "data.azuread_service_principal.github_actions"
          ]
        }
      ]
    },
    {
      "mode": "managed",
      "type": "azurerm_role_assignment",
      "name": "github_actions_acr_push",
      "provider": "provider[\"registry.terraform.io/hashicorp/azurerm\"]",
      "instances": [
        {
          "index_key": 0,
          "schema_version": 0,
          "attributes": {
            "condition": "",
            "condition_version": "",
            "delegated_managed_identity_resource_id": "",
            "description": "",
            "id": "/subscriptions/db909f94-f59e-4ca4-acad-e2839e7af5f4/resourceGroups/rg-research-agent-dev/providers/Microsoft.ContainerRegistry/registries/researchagentacrdev/providers/Microsoft.Authorization/roleAssignments/54218677-e565-b142-244b-68e4680d7a12",
            "name": "54218677-e565-b142-244b-68e4680d7a12",
            "principal_id": "c21ab0e2-092c-4da1-8a71-f41825f73774",
            "principal_type": "ServicePrincipal",
            "role_definition_id": "/subscriptions/db909f94-f59e-4ca4-acad-e2839e7af5f4/providers/Microsoft.Authorization/roleDefinitions/8311e382-0749-4cb8-b61a-304f252e45ec",
            "role_definition_name": "AcrPush",
            "scope": "/subscriptions/db909f94-f59e-4ca4-acad-e2839e7af5f4/resourceGroups/rg-research-agent-dev/providers/Microsoft.ContainerRegistry/registries/researchagentacrdev",
            "skip_service_principal_aad_check": null,
            "timeouts": null
          },
          "sensitive_attributes": [],
          "private": "eyJlMmJmYjczMC1lY2FhLTExZTYtOGY4OC0zNDM2M2JjN2M0YzAiOnsiY3JlYXRlIjoxODAwMDAwMDAwMDAwLCJkZWxldGUiOjE4MDAwMDAwMDAwMDAsInJlYWQiOjMwMDAwMDAwMDAwMH19",
          "dependencies": [
            "azurerm_container_registry.this",
            "data.azuread_service_principal.github_actions"
          ]
        }
      ]
    },
    {
      "mode": "managed",
      "type": "azurerm_role_assignment",
      "name": "github_actions_contributor_rg",
      "provider": "provider[\"registry.terraform.io/hashicorp/azurerm\"]",
      "instances": [
        {
          "index_key": 0,
          "schema_version": 0,
          "attributes": {
            "condition": "",
            "condition_version": "",
            "delegated_managed_identity_resource_id": "",
            "description": "",
            "id": "/subscriptions/db909f94-f59e-4ca4-acad-e2839e7af5f4/resourceGroups/rg-research-agent-dev/providers/Microsoft.Authorization/roleAssignments/ed08994c-728f-3718-bc95-7ac95ea908a4",
            "name": "ed08994c-728f-3718-bc95-7ac95ea908a4",
            "principal_id": "c21ab0e2-092c-4da1-8a71-f41825f73774",
            "principal_type": "ServicePrincipal",
            "role_definition_id": "/subscriptions/db909f94-f59e-4ca4-acad-e2839e7af5f4/providers/Microsoft.Authorization/roleDefinitions/b24988ac-6180-42a0-ab88-20f7382dd24c",
            "role_definition_name": "Contributor",
            "scope": "/subscriptions/db909f94-f59e-4ca4-acad-e2839e7af5f4/resourceGroups/rg-research-agent-dev",
            "skip_service_principal_aad_check": null,
            "timeouts": null
          },
          "sensitive_attributes": [],
          "private": "eyJlMmJmYjczMC1lY2FhLTExZTYtOGY4OC0zNDM2M2JjN2M0YzAiOnsiY3JlYXRlIjoxODAwMDAwMDAwMDAwLCJkZWxldGUiOjE4MDAwMDAwMDAwMDAsInJlYWQiOjMwMDAwMDAwMDAwMH19",
          "dependencies": [
            "azurerm_resource_group.this",
            "data.azuread_service_principal.github_actions"
          ]
        }
      ]
    },
    {
      "mode": "managed",
      "type": "azurerm_role_assignment",
      "name": "github_actions_reader_subscription",
      "provider": "provider[\"registry.terraform.io/hashicorp/azurerm\"]",
      "instances": [
        {
          "index_key": 0,
          "schema_version": 0,
          "attributes": {
            "condition": "",
            "condition_version": "",
            "delegated_managed_identity_resource_id": "",
            "description": "",
            "id": "/subscriptions/db909f94-f59e-4ca4-acad-e2839e7af5f4/providers/Microsoft.Authorization/roleAssignments/46ef16c3-a441-001e-75c8-1245e2c7a0b5",
            "name": "46ef16c3-a441-001e-75c8-1245e2c7a0b5",
            "principal_id": "c21ab0e2-092c-4da1-8a71-f41825f73774",
            "principal_type": "ServicePrincipal",
            "role_definition_id": "/subscriptions/db909f94-f59e-4ca4-acad-e2839e7af5f4/providers/Microsoft.Authorization/roleDefinitions/acdd72a7-3385-48ef-bd42-f606fba81ae7",
            "role_definition_name": "Reader",
            "scope": "/subscriptions/db909f94-f59e-4ca4-acad-e2839e7af5f4",
            "skip_service_principal_aad_check": null,
            "timeouts": null
          },
          "sensitive_attributes": [],
          "private": "eyJlMmJmYjczMC1lY2FhLTExZTYtOGY4OC0zNDM2M2JjN2M0YzAiOnsiY3JlYXRlIjoxODAwMDAwMDAwMDAwLCJkZWxldGUiOjE4MDAwMDAwMDAwMDAsInJlYWQiOjMwMDAwMDAwMDAwMH19",
          "dependencies": [
            "data.azuread_service_principal.github_actions"
          ]
        }
      ]
    }
  ],
  "check_results": null
}
