{
  "version": 4,
  "terraform_version": "1.5.7",
  "serial": 5,
  "lineage": "2180f4bf-aa8f-43df-5293-38d244371d72",
  "outputs": {
    "acr_login_server": {
      "value": "researchagentacrdev.azurecr.io",
      "type": "string"
    },
    "aks_name": {
      "value": "aks-research-agent-dev",
      "type": "string"
    },
    "aks_namespace": {
      "value": "research-agent-dev",
      "type": "string"
    },
    "key_vault_name": {
      "value": "kv-research-agent-dev",
      "type": "string"
    },
    "resource_group_name": {
      "value": "rg-research-agent-dev",
      "type": "string"
    }
  },
  "resources": [
    {
      "mode": "data",
      "type": "azurerm_client_config",
      "name": "current",
      "provider": "provider[\"registry.terraform.io/hashicorp/azurerm\"]",
      "instances": [
        {
          "schema_version": 0,
          "attributes": {
            "client_id": "04b07795-8ddb-461a-bbee-02f9e1bf7b46",
            "id": "Y2xpZW50Q29uZmlncy9jbGllbnRJZD0wNGIwNzc5NS04ZGRiLTQ2MWEtYmJlZS0wMmY5ZTFiZjdiNDY7b2JqZWN0SWQ9Njg2OTM1ZjUtZWRkNi00NGZhLWJlNmItMTBhNTBkMGM5YjAyO3N1YnNjcmlwdGlvbklkPWRiOTA5Zjk0LWY1OWUtNGNhNC1hY2FkLWUyODM5ZTdhZjVmNDt0ZW5hbnRJZD0yYzIwNmQ4Yi0yNmQ0LTQwYWYtYWQ4Ny00NDk4MzU1YTdiNTE=",
            "object_id": "686935f5-edd6-44fa-be6b-10a50d0c9b02",
            "subscription_id": "db909f94-f59e-4ca4-acad-e2839e7af5f4",
            "tenant_id": "2c206d8b-26d4-40af-ad87-4498355a7b51",
            "timeouts": null
          },
          "sensitive_attributes": []
        }
      ]
    },
    {
      "mode": "managed",
      "type": "azurerm_container_registry",
      "name": "this",
      "provider": "provider[\"registry.terraform.io/hashicorp/azurerm\"]",
      "instances": [
        {
          "schema_version": 2,
          "attributes": {
            "admin_enabled": false,
            "admin_password": "",
            "admin_username": "",
            "anonymous_pull_enabled": false,
            "data_endpoint_enabled": false,
            "data_endpoint_host_names": [],
            "encryption": [],
            "export_policy_enabled": true,
            "georeplications": [],
            "id": "/subscriptions/db909f94-f59e-4ca4-acad-e2839e7af5f4/resourceGroups/rg-research-agent-dev/providers/Microsoft.ContainerRegistry/registries/researchagentacrdev",
            "identity": [],
            "location": "eastus",
            "login_server": "researchagentacrdev.azurecr.io",
            "name": "researchagentacrdev",
            "network_rule_bypass_option": "AzureServices",
            "network_rule_set": [],
            "public_network_access_enabled": true,
            "quarantine_policy_enabled": false,
            "resource_group_name": "rg-research-agent-dev",
            "retention_policy_in_days": 0,
            "sku": "Basic",
            "tags": {
              "Scope": "Beta"
            },
            "timeouts": null,
            "trust_policy_enabled": false,
            "zone_redundancy_enabled": false
          },
          "sensitive_attributes": [],
          "private": "eyJlMmJmYjczMC1lY2FhLTExZTYtOGY4OC0zNDM2M2JjN2M0YzAiOnsiY3JlYXRlIjoxODAwMDAwMDAwMDAwLCJkZWxldGUiOjE4MDAwMDAwMDAwMDAsInJlYWQiOjMwMDAwMDAwMDAwMCwidXBkYXRlIjoxODAwMDAwMDAwMDAwfSwic2NoZW1hX3ZlcnNpb24iOiIyIn0=",
          "dependencies": [
            "azurerm_resource_group.this"
          ]
        }
      ]
    },
    {
      "mode": "managed",
      "type": "azurerm_resource_group",
      "name": "this",
      "provider": "provider[\"registry.terraform.io/hashicorp/azurerm\"]",
      "instances": [
        {
          "schema_version": 0,
          "attributes": {
            "id": "/subscriptions/db909f94-f59e-4ca4-acad-e2839e7af5f4/resourceGroups/rg-research-agent-dev",
            "location": "eastus",
            "managed_by": "",
            "name": "rg-research-agent-dev",
            "tags": {
              "Scope": "Beta"
            },
            "timeouts": null
          },
          "sensitive_attributes": [],
          "private": "eyJlMmJmYjczMC1lY2FhLTExZTYtOGY4OC0zNDM2M2JjN2M0YzAiOnsiY3JlYXRlIjo1NDAwMDAwMDAwMDAwLCJkZWxldGUiOjU0MDAwMDAwMDAwMDAsInJlYWQiOjMwMDAwMDAwMDAwMCwidXBkYXRlIjo1NDAwMDAwMDAwMDAwfX0="
        }
      ]
    },
    {
      "mode": "managed",
      "type": "azurerm_role_assignment",
      "name": "aks_acr_pull",
      "provider": "provider[\"registry.terraform.io/hashicorp/azurerm\"]",
      "instances": []
    },
    {
      "mode": "managed",
      "type": "azurerm_role_assignment",
      "name": "aks_keyvault_certificate_user",
      "provider": "provider[\"registry.terraform.io/hashicorp/azurerm\"]",
      "instances": []
    },
    {
      "mode": "managed",
      "type": "azurerm_role_assignment",
      "name": "aks_keyvault_secrets_user",
      "provider": "provider[\"registry.terraform.io/hashicorp/azurerm\"]",
      "instances": []
    }
  ],
  "check_results": null
}
